version = 1
revision = 3
requires-python = "==3.14.*"

[[package]]
name = "colorama"
version = "0.4.6"
source = { registry = "https://pypi.org/simple" }
sdist = { url = "https://files.pythonhosted.org/packages/d8/53/6f443c9a4a8358a93a6792e2acffb9d9d5cb0a5cfd8802644b7b1c9a02e4/colorama-0.4.6.tar.gz", hash = "sha256:08695f5cb7ed6e0531a20572697297273c47b8cae5a63ffc6d6ed5c201be6e44", size = 27697, upload-time = "2022-10-25T02:36:22.414Z" }
wheels = [
    { url = "https://files.pythonhosted.org/packages/d1/d6/3965ed04c63042e047cb6a3e6ed1a63a35087b6a609aa3a15ed8ac56c221/colorama-0.4.6-py2.py3-none-any.whl", hash = "sha256:4f1d9991f5acc0ca119f9d443620b77f9d6b33703e51011c16baf57afb285fc6", size = 25335, upload-time = "2022-10-25T02:36:20.889Z" },
]

[[package]]
name = "iniconfig"
version = "2.3.0"
source = { registry = "https://pypi.org/simple" }
sdist = { url = "https://files.pythonhosted.org/packages/72/34/14ca021ce8e5dfedc35312d08ba8bf51fdd999c576889fc2c24cb97f4f10/iniconfig-2.3.0.tar.gz", hash = "sha256:c76315c77db068650d49c5b56314774a7804df16fee4402c1f19d6d15d8c4730", size = 20503, upload-time = "2025-10-18T21:55:43.219Z" }
wheels = [
    { url = "https://files.pythonhosted.org/packages/cb/b1/3846dd7f199d53cb17f49cba7e651e9ce294d8497c8c150530ed11865bb8/iniconfig-2.3.0-py3-none-any.whl", hash = "sha256:f631c04d2c48c52b84d0d0549c99ff3859c98df65b3101406327ecc7d53fbf12", size = 7484, upload-time = "2025-10-18T21:55:41.639Z" },
]

[[package]]
name = "packaging"
version = "25.0"
source = { registry = "https://pypi.org/simple" }
sdist = { url = "https://files.pythonhosted.org/packages/a1/d4/1fc4078c65507b51b96ca8f8c3ba19e6a61c8253c72794544580a7b6c24d/packaging-25.0.tar.gz", hash = "sha256:d443872c98d677bf60f6a1f2f8c1cb748e8fe762d2bf9d3148b5599295b0fc4f", size = 165727, upload-time = "2025-04-19T11:48:59.673Z" }
wheels = [
    { url = "https://files.pythonhosted.org/packages/20/12/38679034af332785aac8774540895e234f4d07f7545804097de4b666afd8/packaging-25.0-py3-none-any.whl", hash = "sha256:29572ef2b1f17581046b3a2227d5c611fb25ec70ca1ba8554b24b0e69331a484", size = 66469, upload-time = "2025-04-19T11:48:57.875Z" },
]

[[package]]
name = "pluggy"
version = "1.6.0"
source = { registry = "https://pypi.org/simple" }
sdist = { url = "https://files.pythonhosted.org/packages/f9/e2/3e91f31a7d2b083fe6ef3fa267035b518369d9511ffab804f839851d2779/pluggy-1.6.0.tar.gz", hash = "sha256:7dcc130b76258d33b90f61b658791dede3486c3e6bfb003ee5c9bfb396dd22f3", size = 69412, upload-time = "2025-05-15T12:30:07.975Z" }
wheels = [
    { url = "https://files.pythonhosted.org/packages/54/20/4d324d65cc6d9205fabedc306948156824eb9f0ee1633355a8f7ec5c66bf/pluggy-1.6.0-py3-none-any.whl", hash = "sha256:e920276dd6813095e9377c0bc5566d94c932c33b27a3e3945d8389c374dd4746", size = 20538, upload-time = "2025-05-15T12:30:06.134Z" },
]

[[package]]
name = "pygments"
version = "2.19.2"
source = { registry = "https://pypi.org/simple" }
sdist = { url = "https://files.pythonhosted.org/packages/b0/77/a5b8c569bf593b0140bde72ea885a803b82086995367bf2037de0159d924/pygments-2.19.2.tar.gz", hash = "sha256:636cb2477cec7f8952536970bc533bc43743542f70392ae026374600add5b887", size = 4968631, upload-time = "2025-06-21T13:39:12.283Z" }
wheels = [
    { url = "https://files.pythonhosted.org/packages/c7/21/705964c7812476f378728bdf590ca4b771ec72385c533964653c68e86bdc/pygments-2.19.2-py3-none-any.whl", hash = "sha256:86540386c03d588bb81d44bc3928634ff26449851e99741617ecb9037ee5ec0b", size = 1225217, upload-time = "2025-06-21T13:39:07.939Z" },
]

[[package]]
name = "pytest"
version = "9.0.2"
source = { registry = "https://pypi.org/simple" }
dependencies = [
    { name = "colorama", marker = "sys_platform == 'win32'" },
    { name = "iniconfig" },
    { name = "packaging" },
    { name = "pluggy" },
    { name = "pygments" },
]
sdist = { url = "https://files.pythonhosted.org/packages/d1/db/7ef3487e0fb0049ddb5ce41d3a49c235bf9ad299b6a25d5780a89f19230f/pytest-9.0.2.tar.gz", hash = "sha256:75186651a92bd89611d1d9fc20f0b4345fd827c41ccd5c299a868a05d70edf11", size = 1568901, upload-time = "2025-12-06T21:30:51.014Z" }
wheels = [
    { url = "https://files.pythonhosted.org/packages/3b/ab/b3226f0bd7cdcf710fbede2b3548584366da3b19b5021e74f5bde2a8fa3f/pytest-9.0.2-py3-none-any.whl", hash = "sha256:711ffd45bf766d5264d487b917733b453d917afd2b0ad65223959f59089f875b", size = 374801, upload-time = "2025-12-06T21:30:49.154Z" },
]

[[package]]
name = "ruff"
version = "0.14.10"
source = { registry = "https://pypi.org/simple" }
sdist = { url = "https://files.pythonhosted.org/packages/57/08/52232a877978dd8f9cf2aeddce3e611b40a63287dfca29b6b8da791f5e8d/ruff-0.14.10.tar.gz", hash = "sha256:9a2e830f075d1a42cd28420d7809ace390832a490ed0966fe373ba288e77aaf4", size = 5859763, upload-time = "2025-12-18T19:28:57.98Z" }
wheels = [
    { url = "https://files.pythonhosted.org/packages/60/01/933704d69f3f05ee16ef11406b78881733c186fe14b6a46b05cfcaf6d3b2/ruff-0.14.10-py3-none-linux_armv6l.whl", hash = "sha256:7a3ce585f2ade3e1f29ec1b92df13e3da262178df8c8bdf876f48fa0e8316c49", size = 13527080, upload-time = "2025-12-18T19:29:25.642Z" },
    { url = "https://files.pythonhosted.org/packages/df/58/a0349197a7dfa603ffb7f5b0470391efa79ddc327c1e29c4851e85b09cc5/ruff-0.14.10-py3-none-macosx_10_12_x86_64.whl", hash = "sha256:674f9be9372907f7257c51f1d4fc902cb7cf014b9980152b802794317941f08f", size = 13797320, upload-time = "2025-12-18T19:29:02.571Z" },
    { url = "https://files.pythonhosted.org/packages/7b/82/36be59f00a6082e38c23536df4e71cdbc6af8d7c707eade97fcad5c98235/ruff-0.14.10-py3-none-macosx_11_0_arm64.whl", hash = "sha256:d85713d522348837ef9df8efca33ccb8bd6fcfc86a2cde3ccb4bc9d28a18003d", size = 12918434, upload-time = "2025-12-18T19:28:51.202Z" },
    { url = "https://files.pythonhosted.org/packages/a6/00/45c62a7f7e34da92a25804f813ebe05c88aa9e0c25e5cb5a7d23dd7450e3/ruff-0.14.10-py3-none-manylinux_2_17_aarch64.manylinux2014_aarch64.whl", hash = "sha256:6987ebe0501ae4f4308d7d24e2d0fe3d7a98430f5adfd0f1fead050a740a3a77", size = 13371961, upload-time = "2025-12-18T19:29:04.991Z" },
    { url = "https://files.pythonhosted.org/packages/40/31/a5906d60f0405f7e57045a70f2d57084a93ca7425f22e1d66904769d1628/ruff-0.14.10-py3-none-manylinux_2_17_armv7l.manylinux2014_armv7l.whl", hash = "sha256:16a01dfb7b9e4eee556fbfd5392806b1b8550c9b4a9f6acd3dbe6812b193c70a", size = 13275629, upload-time = "2025-12-18T19:29:21.381Z" },
    { url = "https://files.pythonhosted.org/packages/3e/60/61c0087df21894cf9d928dc04bcd4fb10e8b2e8dca7b1a276ba2155b2002/ruff-0.14.10-py3-none-manylinux_2_17_i686.manylinux2014_i686.whl", hash = "sha256:7165d31a925b7a294465fa81be8c12a0e9b60fb02bf177e79067c867e71f8b1f", size = 14029234, upload-time = "2025-12-18T19:29:00.132Z" },
    { url = "https://files.pythonhosted.org/packages/44/84/77d911bee3b92348b6e5dab5a0c898d87084ea03ac5dc708f46d88407def/ruff-0.14.10-py3-none-manylinux_2_17_ppc64.manylinux2014_ppc64.whl", hash = "sha256:c561695675b972effb0c0a45db233f2c816ff3da8dcfbe7dfc7eed625f218935", size = 15449890, upload-time = "2025-12-18T19:28:53.573Z" },
    { url = "https://files.pythonhosted.org/packages/e9/36/480206eaefa24a7ec321582dda580443a8f0671fdbf6b1c80e9c3e93a16a/ruff-0.14.10-py3-none-manylinux_2_17_ppc64le.manylinux2014_ppc64le.whl", hash = "sha256:4bb98fcbbc61725968893682fd4df8966a34611239c9fd07a1f6a07e7103d08e", size = 15123172, upload-time = "2025-12-18T19:29:23.453Z" },
    { url = "https://files.pythonhosted.org/packages/5c/38/68e414156015ba80cef5473d57919d27dfb62ec804b96180bafdeaf0e090/ruff-0.14.10-py3-none-manylinux_2_17_s390x.manylinux2014_s390x.whl", hash = "sha256:f24b47993a9d8cb858429e97bdf8544c78029f09b520af615c1d261bf827001d", size = 14460260, upload-time = "2025-12-18T19:29:27.808Z" },
    { url = "https://files.pythonhosted.org/packages/b3/19/9e050c0dca8aba824d67cc0db69fb459c28d8cd3f6855b1405b3f29cc91d/ruff-0.14.10-py3-none-manylinux_2_17_x86_64.manylinux2014_x86_64.whl", hash = "sha256:59aabd2e2c4fd614d2862e7939c34a532c04f1084476d6833dddef4afab87e9f", size = 14229978, upload-time = "2025-12-18T19:29:11.32Z" },
    { url = "https://files.pythonhosted.org/packages/51/eb/e8dd1dd6e05b9e695aa9dd420f4577debdd0f87a5ff2fedda33c09e9be8c/ruff-0.14.10-py3-none-manylinux_2_31_riscv64.whl", hash = "sha256:213db2b2e44be8625002dbea33bb9c60c66ea2c07c084a00d55732689d697a7f", size = 14338036, upload-time = "2025-12-18T19:29:09.184Z" },
    { url = "https://files.pythonhosted.org/packages/6a/12/f3e3a505db7c19303b70af370d137795fcfec136d670d5de5391e295c134/ruff-0.14.10-py3-none-musllinux_1_2_aarch64.whl", hash = "sha256:b914c40ab64865a17a9a5b67911d14df72346a634527240039eb3bd650e5979d", size = 13264051, upload-time = "2025-12-18T19:29:13.431Z" },
    { url = "https://files.pythonhosted.org/packages/08/64/8c3a47eaccfef8ac20e0484e68e0772013eb85802f8a9f7603ca751eb166/ruff-0.14.10-py3-none-musllinux_1_2_armv7l.whl", hash = "sha256:1484983559f026788e3a5c07c81ef7d1e97c1c78ed03041a18f75df104c45405", size = 13283998, upload-time = "2025-12-18T19:29:06.994Z" },
    { url = "https://files.pythonhosted.org/packages/12/84/534a5506f4074e5cc0529e5cd96cfc01bb480e460c7edf5af70d2bcae55e/ruff-0.14.10-py3-none-musllinux_1_2_i686.whl", hash = "sha256:c70427132db492d25f982fffc8d6c7535cc2fd2c83fc8888f05caaa248521e60", size = 13601891, upload-time = "2025-12-18T19:28:55.811Z" },
    { url = "https://files.pythonhosted.org/packages/0d/1e/14c916087d8598917dbad9b2921d340f7884824ad6e9c55de948a93b106d/ruff-0.14.10-py3-none-musllinux_1_2_x86_64.whl", hash = "sha256:5bcf45b681e9f1ee6445d317ce1fa9d6cba9a6049542d1c3d5b5958986be8830", size = 14336660, upload-time = "2025-12-18T19:29:16.531Z" },
    { url = "https://files.pythonhosted.org/packages/f2/1c/d7b67ab43f30013b47c12b42d1acd354c195351a3f7a1d67f59e54227ede/ruff-0.14.10-py3-none-win32.whl", hash = "sha256:104c49fc7ab73f3f3a758039adea978869a918f31b73280db175b43a2d9b51d6", size = 13196187, upload-time = "2025-12-18T19:29:19.006Z" },
    { url = "https://files.pythonhosted.org/packages/fb/9c/896c862e13886fae2af961bef3e6312db9ebc6adc2b156fe95e615dee8c1/ruff-0.14.10-py3-none-win_amd64.whl", hash = "sha256:466297bd73638c6bdf06485683e812db1c00c7ac96d4ddd0294a338c62fdc154", size = 14661283, upload-time = "2025-12-18T19:29:30.16Z" },
    { url = "https://files.pythonhosted.org/packages/74/31/b0e29d572670dca3674eeee78e418f20bdf97fa8aa9ea71380885e175ca0/ruff-0.14.10-py3-none-win_arm64.whl", hash = "sha256:e51d046cf6dda98a4633b8a8a771451107413b0f07183b2bef03f075599e44e6", size = 13729839, upload-time = "2025-12-18T19:28:48.636Z" },
]

[[package]]
name = "structy"
version = "0.0.0"
source = { virtual = "." }

[package.dev-dependencies]
dev = [
    { name = "pytest" },
    { name = "ruff" },
    { name = "ty" },
]

[package.metadata]

[package.metadata.requires-dev]
dev = [
    { name = "pytest", specifier = ">=9.0.2" },
    { name = "ruff", specifier = ">=0.14.10" },
    { name = "ty", specifier = ">=0.0.18" },
]

[[package]]
name = "ty"
version = "0.0.18"
source = { registry = "https://pypi.org/simple" }
sdist = { url = "https://files.pythonhosted.org/packages/74/15/9682700d8d60fdca7afa4febc83a2354b29cdcd56e66e19c92b521db3b39/ty-0.0.18.tar.gz", hash = "sha256:04ab7c3db5dcbcdac6ce62e48940d3a0124f377c05499d3f3e004e264ae94b83", size = 5214774, upload-time = "2026-02-20T21:51:31.173Z" }
wheels = [
    { url = "https://files.pythonhosted.org/packages/ae/d8/920460d4c22ea68fcdeb0b2fb53ea2aeb9c6d7875bde9278d84f2ac767b6/ty-0.0.18-py3-none-linux_armv6l.whl", hash = "sha256:4e5e91b0a79857316ef893c5068afc4b9872f9d257627d9bc8ac4d2715750d88", size = 10280825, upload-time = "2026-02-20T21:51:25.03Z" },
    { url = "https://files.pythonhosted.org/packages/83/56/62587de582d3d20d78fcdddd0594a73822ac5a399a12ef512085eb7a4de6/ty-0.0.18-py3-none-macosx_10_12_x86_64.whl", hash = "sha256:ee0e578b3f8416e2d5416da9553b78fd33857868aa1384cb7fefeceee5ff102d", size = 10118324, upload-time = "2026-02-20T21:51:22.27Z" },
    { url = "https://files.pythonhosted.org/packages/2f/2d/dbdace8d432a0755a7417f659bfd5b8a4261938ecbdfd7b42f4c454f5aa9/ty-0.0.18-py3-none-macosx_11_0_arm64.whl", hash = "sha256:3f7a0487d36b939546a91d141f7fc3dbea32fab4982f618d5b04dc9d5b6da21e", size = 9605861, upload-time = "2026-02-20T21:51:16.066Z" },
    { url = "https://files.pythonhosted.org/packages/6b/d9/de11c0280f778d5fc571393aada7fe9b8bc1dd6a738f2e2c45702b8b3150/ty-0.0.18-py3-none-manylinux_2_17_aarch64.manylinux2014_aarch64.whl", hash = "sha256:d5e2fa8d45f57ca487a470e4bf66319c09b561150e98ae2a6b1a97ef04c1a4eb", size = 10092701, upload-time = "2026-02-20T21:51:26.862Z" },
    { url = "https://files.pythonhosted.org/packages/0f/94/068d4d591d791041732171e7b63c37a54494b2e7d28e88d2167eaa9ad875/ty-0.0.18-py3-none-manylinux_2_17_armv7l.manylinux2014_armv7l.whl", hash = "sha256:d75652e9e937f7044b1aca16091193e7ef11dac1c7ec952b7fb8292b7ba1f5f2", size = 10109203, upload-time = "2026-02-20T21:51:11.59Z" },
    { url = "https://files.pythonhosted.org/packages/34/e4/526a4aa56dc0ca2569aaa16880a1ab105c3b416dd70e87e25a05688999f3/ty-0.0.18-py3-none-manylinux_2_17_i686.manylinux2014_i686.whl", hash = "sha256:563c868edceb8f6ddd5e91113c17d3676b028f0ed380bdb3829b06d9beb90e58", size = 10614200, upload-time = "2026-02-20T21:51:20.298Z" },
    { url = "https://files.pythonhosted.org/packages/fd/3d/b68ab20a34122a395880922587fbfc3adf090d22e0fb546d4d20fe8c2621/ty-0.0.18-py3-none-manylinux_2_17_ppc64le.manylinux2014_ppc64le.whl", hash = "sha256:502e2a1f948bec563a0454fc25b074bf5cf041744adba8794d024277e151d3b0", size = 11153232, upload-time = "2026-02-20T21:51:14.121Z" },
    { url = "https://files.pythonhosted.org/packages/68/ea/678243c042343fcda7e6af36036c18676c355878dcdcd517639586d2cf9e/ty-0.0.18-py3-none-manylinux_2_17_s390x.manylinux2014_s390x.whl", hash = "sha256:cc881dea97021a3aa29134a476937fd8054775c4177d01b94db27fcfb7aab65b", size = 10832934, upload-time = "2026-02-20T21:51:32.92Z" },
    { url = "https://files.pythonhosted.org/packages/d8/bd/7f8d647cef8b7b346c0163230a37e903c7461c7248574840b977045c77df/ty-0.0.18-py3-none-manylinux_2_17_x86_64.manylinux2014_x86_64.whl", hash = "sha256:421fcc3bc64cab56f48edb863c7c1c43649ec4d78ff71a1acb5366ad723b6021", size = 10700888, upload-time = "2026-02-20T21:51:09.673Z" },
    { url = "https://files.pythonhosted.org/packages/6e/06/cb3620dc48c5d335ba7876edfef636b2f4498eff4a262ff90033b9e88408/ty-0.0.18-py3-none-musllinux_1_2_aarch64.whl", hash = "sha256:0fe5038a7136a0e638a2fb1ad06e3d3c4045314c6ba165c9c303b9aeb4623d6c", size = 10078965, upload-time = "2026-02-20T21:51:07.678Z" },
    { url = "https://files.pythonhosted.org/packages/60/27/c77a5a84533fa3b685d592de7b4b108eb1f38851c40fac4e79cc56ec7350/ty-0.0.18-py3-none-musllinux_1_2_armv7l.whl", hash = "sha256:d123600a52372677613a719bbb780adeb9b68f47fb5f25acb09171de390e0035", size = 10134659, upload-time = "2026-02-20T21:51:18.311Z" },
    { url = "https://files.pythonhosted.org/packages/43/6e/60af6b88c73469e628ba5253a296da6984e0aa746206f3034c31f1a04ed1/ty-0.0.18-py3-none-musllinux_1_2_i686.whl", hash = "sha256:bb4bc11d32a1bf96a829bf6b9696545a30a196ac77bbc07cc8d3dfee35e03723", size = 10297494, upload-time = "2026-02-20T21:51:39.631Z" },
    { url = "https://files.pythonhosted.org/packages/33/90/612dc0b68224c723faed6adac2bd3f930a750685db76dfe17e6b9e534a83/ty-0.0.18-py3-none-musllinux_1_2_x86_64.whl", hash = "sha256:dda2efbf374ba4cd704053d04e32f2f784e85c2ddc2400006b0f96f5f7e4b667", size = 10791944, upload-time = "2026-02-20T21:51:37.13Z" },
    { url = "https://files.pythonhosted.org/packages/0d/da/f4ada0fd08a9e4138fe3fd2bcd3797753593f423f19b1634a814b9b2a401/ty-0.0.18-py3-none-win32.whl", hash = "sha256:c5768607c94977dacddc2f459ace6a11a408a0f57888dd59abb62d28d4fee4f7", size = 9677964, upload-time = "2026-02-20T21:51:42.039Z" },
    { url = "https://files.pythonhosted.org/packages/5e/fa/090ed9746e5c59fc26d8f5f96dc8441825171f1f47752f1778dad690b08b/ty-0.0.18-py3-none-win_amd64.whl", hash = "sha256:b78d0fa1103d36fc2fce92f2092adace52a74654ab7884d54cdaec8eb5016a4d", size = 10636576, upload-time = "2026-02-20T21:51:29.159Z" },
    { url = "https://files.pythonhosted.org/packages/92/4f/5dd60904c8105cda4d0be34d3a446c180933c76b84ae0742e58f02133713/ty-0.0.18-py3-none-win_arm64.whl", hash = "sha256:01770c3c82137c6b216aa3251478f0b197e181054ee92243772de553d3586398", size = 10095449, upload-time = "2026-02-20T21:51:34.914Z" },
]
